
Microsoft Visual Studio Solution File, Format Version 12.00
# Visual Studio 15
VisualStudioVersion = 15.0.27703.2026
MinimumVisualStudioVersion = 10.0.40219.1
Project("{FAE04EC0-301F-11D3-BF4B-00C04F79EFBC}") = "OptaTrack", "OptaTrack\OptaTrack.csproj", "{316502FD-D0A8-4DCD-9937-528EED12E98A}"
EndProject
Project("{FAE04EC0-301F-11D3-BF4B-00C04F79EFBC}") = "AccountService", "AccountService\AccountService.csproj", "{66B1DD08-E6FE-4F52-9A16-F72D7FC27094}"
EndProject
Global
	GlobalSection(SolutionConfigurationPlatforms) = preSolution
		Debug|Any CPU = Debug|Any CPU
		Release|Any CPU = Release|Any CPU
	EndGlobalSection
	GlobalSection(ProjectConfigurationPlatforms) = postSolution
		{316502FD-D0A8-4DCD-9937-528EED12E98A}.Debug|Any CPU.ActiveCfg = Debug|Any CPU
		{316502FD-D0A8-4DCD-9937-528EED12E98A}.Debug|Any CPU.Build.0 = Debug|Any CPU
		{316502FD-D0A8-4DCD-9937-528EED12E98A}.Release|Any CPU.ActiveCfg = Release|Any CPU
		{316502FD-D0A8-4DCD-9937-528EED12E98A}.Release|Any CPU.Build.0 = Release|Any CPU
		{66B1DD08-E6FE-4F52-9A16-F72D7FC27094}.Debug|Any CPU.ActiveCfg = Debug|Any CPU
		{66B1DD08-E6FE-4F52-9A16-F72D7FC27094}.Debug|Any CPU.Build.0 = Debug|Any CPU
		{66B1DD08-E6FE-4F52-9A16-F72D7FC27094}.Release|Any CPU.ActiveCfg = Release|Any CPU
		{66B1DD08-E6FE-4F52-9A16-F72D7FC27094}.Release|Any CPU.Build.0 = Release|Any CPU
	EndGlobalSection
	GlobalSection(SolutionProperties) = preSolution
		HideSolutionNode = FALSE
	EndGlobalSection
	GlobalSection(ExtensibilityGlobals) = postSolution
		SolutionGuid = {C76E01EA-863C-4879-A0AD-125589168AC6}
	EndGlobalSection
EndGlobal
